
Microsoft Visual Studio Solution File, Format Version 12.00
# Visual Studio Version 17
VisualStudioVersion = 17.0.32112.339
MinimumVisualStudioVersion = 10.0.40219.1
Project("{FAE04EC0-301F-11D3-BF4B-00C04F79EFBC}") = "Gas Bill App", "Gas Bill App.csproj", "{516B79D9-8906-4C37-A89A-4517D343C917}"
EndProject
Global
	GlobalSection(SolutionConfigurationPlatforms) = preSolution
		Debug|Any CPU = Debug|Any CPU
		Release|Any CPU = Release|Any CPU
	EndGlobalSection
	GlobalSection(ProjectConfigurationPlatforms) = postSolution
		{516B79D9-8906-4C37-A89A-4517D343C917}.Debug|Any CPU.ActiveCfg = Debug|Any CPU
		{516B79D9-8906-4C37-A89A-4517D343C917}.Debug|Any CPU.Build.0 = Debug|Any CPU
		{516B79D9-8906-4C37-A89A-4517D343C917}.Release|Any CPU.ActiveCfg = Release|Any CPU
		{516B79D9-8906-4C37-A89A-4517D343C917}.Release|Any CPU.Build.0 = Release|Any CPU
	EndGlobalSection
	GlobalSection(SolutionProperties) = preSolution
		HideSolutionNode = FALSE
	EndGlobalSection
	GlobalSection(ExtensibilityGlobals) = postSolution
		SolutionGuid = {0003E674-81E0-43C1-843B-69CB251338BD}
	EndGlobalSection
EndGlobal
